%{
  "bunt": {:hex, :bunt, "0.2.0", "951c6e801e8b1d2cbe58ebbd3e616a869061ddadcc4863d0a2182541acae9a38", [:mix], [], "hexpm", "7af5c7e09fe1d40f76c8e4f9dd2be7cebd83909f31fee7cd0e9eadc567da8353"},
  "certifi": {:hex, :certifi, "2.5.1", "867ce347f7c7d78563450a18a6a28a8090331e77fa02380b4a21962a65d36ee5", [:rebar3], [{:parse_trans, "~>3.3", [hex: :parse_trans, repo: "hexpm", optional: false]}], "hexpm", "805abd97539caf89ec6d4732c91e62ba9da0cda51ac462380bbd28ee697a8c42"},
  "cmark": {:hex, :cmark, "0.7.0", "cf20106714b35801df3a2250a8ca478366f93ad6067df9d6815c80b2606ae01e", [:make, :mix], [], "hexpm", "deffa0b66cba126433efb54c068354bcf7c1fd8ba0f579741ab1d3cb26e0f942"},
  "combine": {:hex, :combine, "0.10.0", "eff8224eeb56498a2af13011d142c5e7997a80c8f5b97c499f84c841032e429f", [:mix], [], "hexpm", "1b1dbc1790073076580d0d1d64e42eae2366583e7aecd455d1215b0d16f2451b"},
  "connection": {:hex, :connection, "1.0.4", "a1cae72211f0eef17705aaededacac3eb30e6625b04a6117c1b2db6ace7d5976", [:mix], [], "hexpm", "4a0850c9be22a43af9920a71ab17c051f5f7d45c209e40269a1938832510e4d9"},
  "cowboy": {:hex, :cowboy, "2.7.0", "91ed100138a764355f43316b1d23d7ff6bdb0de4ea618cb5d8677c93a7a2f115", [:rebar3], [{:cowlib, "~> 2.8.0", [hex: :cowlib, repo: "hexpm", optional: false]}, {:ranch, "~> 1.7.1", [hex: :ranch, repo: "hexpm", optional: false]}], "hexpm", "04fd8c6a39edc6aaa9c26123009200fc61f92a3a94f3178c527b70b767c6e605"},
  "cowlib": {:hex, :cowlib, "2.8.0", "fd0ff1787db84ac415b8211573e9a30a3ebe71b5cbff7f720089972b2319c8a4", [:rebar3], [], "hexpm", "79f954a7021b302186a950a32869dbc185523d99d3e44ce430cd1f3289f41ed4"},
  "credo": {:hex, :credo, "1.3.1", "082e8d9268a489becf8e7aa75671a7b9088b1277cd6c1b13f40a55554b3f5126", [:mix], [{:bunt, "~> 0.2.0", [hex: :bunt, repo: "hexpm", optional: false]}, {:jason, "~> 1.0", [hex: :jason, repo: "hexpm", optional: false]}], "hexpm", "0da816ed52fa520b9ea0e5d18a0d3ca269e0bd410b1174d88d8abd94be6cce3c"},
  "db_connection": {:hex, :db_connection, "1.1.3", "89b30ca1ef0a3b469b1c779579590688561d586694a3ce8792985d4d7e575a61", [:mix], [{:connection, "~> 1.0.2", [hex: :connection, repo: "hexpm", optional: false]}, {:poolboy, "~> 1.5", [hex: :poolboy, repo: "hexpm", optional: true]}, {:sbroker, "~> 1.0", [hex: :sbroker, repo: "hexpm", optional: true]}], "hexpm", "5f0a16a58312a610d5eb0b07506280c65f5137868ad479045f2a2dc4ced80550"},
  "decimal": {:hex, :decimal, "1.8.1", "a4ef3f5f3428bdbc0d35374029ffcf4ede8533536fa79896dd450168d9acdf3c", [:mix], [], "hexpm", "3cb154b00225ac687f6cbd4acc4b7960027c757a5152b369923ead9ddbca7aec"},
  "decorator": {:hex, :decorator, "1.3.0", "6203dbd6e4e519a21a079e2a74e50fddaf03e80be22711b92eb4cd410173abea", [:mix], [], "hexpm", "1fde31b23897e529b44d72d798489e1c6d45936f106812a8df80180779afafb4"},
  "dotenv": {:hex, :dotenv, "3.0.0", "52a28976955070d8312a81d59105b57ecf5d6a755c728b49c70a7e2120e6cb40", [:mix], [], "hexpm", "f8a7d800b6b419a8d8a8bc5b5cd820a181c2b713aab7621794febe934f7bd84e"},
  "earmark": {:hex, :earmark, "1.4.3", "364ca2e9710f6bff494117dbbd53880d84bebb692dafc3a78eb50aa3183f2bfd", [:mix], [], "hexpm", "8cf8a291ebf1c7b9539e3cddb19e9cef066c2441b1640f13c34c1d3cfc825fec"},
  "ecto": {:hex, :ecto, "2.2.12", "ce7f619c1451daad0f59e8f01fd8e2584226171dc273e3346444446a13d93943", [:mix], [{:db_connection, "~> 1.1", [hex: :db_connection, repo: "hexpm", optional: true]}, {:decimal, "~> 1.2", [hex: :decimal, repo: "hexpm", optional: false]}, {:mariaex, "~> 0.8.0", [hex: :mariaex, repo: "hexpm", optional: true]}, {:poison, "~> 2.2 or ~> 3.0", [hex: :poison, repo: "hexpm", optional: true]}, {:poolboy, "~> 1.5", [hex: :poolboy, repo: "hexpm", optional: false]}, {:postgrex, "~> 0.13.0", [hex: :postgrex, repo: "hexpm", optional: true]}, {:sbroker, "~> 1.0", [hex: :sbroker, repo: "hexpm", optional: true]}], "hexpm", "d5d01f3ec33e3853ac8ca80dcaf9b154a348b9eaa70009d2b9ad25c45262fdea"},
  "elixir_uuid": {:hex, :elixir_uuid, "1.2.0", "ff26e938f95830b1db152cb6e594d711c10c02c6391236900ddd070a6b01271d", [:mix], [], "hexpm"},
  "erlexec": {:hex, :erlexec, "1.10.0", "cba7924cf526097d2082ceb0ec34e7db6bca2624b8f3867fb3fa89c4cf25d227", [:rebar3], [], "hexpm", "54901b6e565f4cb4d0de36532d3653d351a3d7bf700bcbe2cf6f242a434ade2f"},
  "ex_debug_toolbar": {:hex, :ex_debug_toolbar, "0.5.0", "6aa92b9b1b06a097cbbb8ae2f5d8698c3198432ef8502fb688030b980f665a34", [:mix], [{:cowboy, ">= 1.0.0", [hex: :cowboy, repo: "hexpm", optional: false]}, {:decorator, "~> 1.2", [hex: :decorator, repo: "hexpm", optional: false]}, {:ecto, "~> 2.1", [hex: :ecto, repo: "hexpm", optional: true]}, {:erlexec, "~> 1.7", [hex: :erlexec, repo: "hexpm", optional: false]}, {:gettext, "~> 0.11", [hex: :gettext, repo: "hexpm", optional: false]}, {:phoenix, "~> 1.3", [hex: :phoenix, repo: "hexpm", optional: false]}, {:phoenix_html, "~> 2.6", [hex: :phoenix_html, repo: "hexpm", optional: false]}, {:phoenix_pubsub, "~> 1.0", [hex: :phoenix_pubsub, repo: "hexpm", optional: false]}, {:phoenix_slime, "~> 0.8", [hex: :phoenix_slime, repo: "hexpm", optional: true]}, {:postgrex, "~> 0.13", [hex: :postgrex, repo: "hexpm", optional: true]}, {:temp, "~> 0.4", [hex: :temp, repo: "hexpm", optional: false]}], "hexpm", "1dc350abc3ab707072917c681783e494a7a10ca6935c32da17d74f0c6c1daa6e"},
  "ex_doc": {:hex, :ex_doc, "0.21.3", "857ec876b35a587c5d9148a2512e952e24c24345552259464b98bfbb883c7b42", [:mix], [{:earmark, "~> 1.4", [hex: :earmark, repo: "hexpm", optional: false]}, {:makeup_elixir, "~> 0.14", [hex: :makeup_elixir, repo: "hexpm", optional: false]}], "hexpm", "0db1ee8d1547ab4877c5b5dffc6604ef9454e189928d5ba8967d4a58a801f161"},
  "ex_machina": {:hex, :ex_machina, "2.4.0", "09a34c5d371bfb5f78399029194a8ff67aff340ebe8ba19040181af35315eabb", [:mix], [{:ecto, "~> 2.2 or ~> 3.0", [hex: :ecto, repo: "hexpm", optional: true]}, {:ecto_sql, "~> 3.0", [hex: :ecto_sql, repo: "hexpm", optional: true]}], "hexpm", "a20bc9ddc721b33ea913b93666c5d0bdca5cbad7a67540784ae277228832d72c"},
  "excoveralls": {:hex, :excoveralls, "0.12.2", "a513defac45c59e310ac42fcf2b8ae96f1f85746410f30b1ff2b710a4b6cd44b", [:mix], [{:hackney, "~> 1.0", [hex: :hackney, repo: "hexpm", optional: false]}, {:jason, "~> 1.0", [hex: :jason, repo: "hexpm", optional: false]}], "hexpm", "151c476331d49b45601ffc45f43cb3a8beb396b02a34e3777fea0ad34ae57d89"},
  "exjsx": {:hex, :exjsx, "4.0.0", "60548841e0212df401e38e63c0078ec57b33e7ea49b032c796ccad8cde794b5c", [:mix], [{:jsx, "~> 2.8.0", [hex: :jsx, repo: "hexpm", optional: false]}], "hexpm"},
  "faker_elixir_octopus": {:hex, :faker_elixir_octopus, "1.0.2", "9895a5cbd08ba47ec70aa04dd91077ff57abe6e49239e853c5f6969e106ce997", [:mix], [], "hexpm", "a332fd3c5c633c87e15f262109a5f141b3e2dd08324df71d2591ef918f20789d"},
  "file_system": {:hex, :file_system, "0.2.7", "e6f7f155970975789f26e77b8b8d8ab084c59844d8ecfaf58cbda31c494d14aa", [:mix], [], "hexpm", "b4cfa2d69c7f0b18fd06db222b2398abeef743a72504e6bd7df9c52f171b047f"},
  "floki": {:hex, :floki, "0.23.0", "956ab6dba828c96e732454809fb0bd8d43ce0979b75f34de6322e73d4c917829", [:mix], [{:html_entities, "~> 0.4.0", [hex: :html_entities, repo: "hexpm", optional: false]}], "hexpm", "e680b5ef0b61ce02faa7137db8d1714903a5552be4c89fb57293b8770e7f49c2"},
  "gettext": {:hex, :gettext, "0.17.4", "f13088e1ec10ce01665cf25f5ff779e7df3f2dc71b37084976cf89d1aa124d5c", [:mix], [], "hexpm", "3c75b5ea8288e2ee7ea503ff9e30dfe4d07ad3c054576a6e60040e79a801e14d"},
  "hackney": {:hex, :hackney, "1.15.2", "07e33c794f8f8964ee86cebec1a8ed88db5070e52e904b8f12209773c1036085", [:rebar3], [{:certifi, "2.5.1", [hex: :certifi, repo: "hexpm", optional: false]}, {:idna, "6.0.0", [hex: :idna, repo: "hexpm", optional: false]}, {:metrics, "1.0.1", [hex: :metrics, repo: "hexpm", optional: false]}, {:mimerl, "~>1.1", [hex: :mimerl, repo: "hexpm", optional: false]}, {:ssl_verify_fun, "1.1.5", [hex: :ssl_verify_fun, repo: "hexpm", optional: false]}], "hexpm", "e0100f8ef7d1124222c11ad362c857d3df7cb5f4204054f9f0f4a728666591fc"},
  "html_entities": {:hex, :html_entities, "0.4.0", "f2fee876858cf6aaa9db608820a3209e45a087c5177332799592142b50e89a6b", [:mix], [], "hexpm", "3e3d7156a272950373ce5a4018b1490bea26676f8d6a7d409f6fac8568b8cb9a"},
  "idna": {:hex, :idna, "6.0.0", "689c46cbcdf3524c44d5f3dde8001f364cd7608a99556d8fbd8239a5798d4c10", [:rebar3], [{:unicode_util_compat, "0.4.1", [hex: :unicode_util_compat, repo: "hexpm", optional: false]}], "hexpm", "4bdd305eb64e18b0273864920695cb18d7a2021f31a11b9c5fbcd9a253f936e2"},
  "jason": {:hex, :jason, "1.1.2", "b03dedea67a99223a2eaf9f1264ce37154564de899fd3d8b9a21b1a6fd64afe7", [:mix], [{:decimal, "~> 1.0", [hex: :decimal, repo: "hexpm", optional: true]}], "hexpm", "fdf843bca858203ae1de16da2ee206f53416bbda5dc8c9e78f43243de4bc3afe"},
  "jsx": {:hex, :jsx, "2.8.3", "a05252d381885240744d955fbe3cf810504eb2567164824e19303ea59eef62cf", [:mix, :rebar3], [], "hexpm"},
  "makeup": {:hex, :makeup, "1.0.0", "671df94cf5a594b739ce03b0d0316aa64312cee2574b6a44becb83cd90fb05dc", [:mix], [{:nimble_parsec, "~> 0.5.0", [hex: :nimble_parsec, repo: "hexpm", optional: false]}], "hexpm", "a10c6eb62cca416019663129699769f0c2ccf39428b3bb3c0cb38c718a0c186d"},
  "makeup_elixir": {:hex, :makeup_elixir, "0.14.0", "cf8b7c66ad1cff4c14679698d532f0b5d45a3968ffbcbfd590339cb57742f1ae", [:mix], [{:makeup, "~> 1.0", [hex: :makeup, repo: "hexpm", optional: false]}], "hexpm", "d4b316c7222a85bbaa2fd7c6e90e37e953257ad196dc229505137c5e505e9eff"},
  "metrics": {:hex, :metrics, "1.0.1", "25f094dea2cda98213cecc3aeff09e940299d950904393b2a29d191c346a8486", [:rebar3], [], "hexpm", "69b09adddc4f74a40716ae54d140f93beb0fb8978d8636eaded0c31b6f099f16"},
  "mime": {:hex, :mime, "1.3.1", "30ce04ab3175b6ad0bdce0035cba77bba68b813d523d1aac73d9781b4d193cf8", [:mix], [], "hexpm", "6cbe761d6a0ca5a31a0931bf4c63204bceb64538e664a8ecf784a9a6f3b875f1"},
  "mimerl": {:hex, :mimerl, "1.2.0", "67e2d3f571088d5cfd3e550c383094b47159f3eee8ffa08e64106cdf5e981be3", [:rebar3], [], "hexpm", "f278585650aa581986264638ebf698f8bb19df297f66ad91b18910dfc6e19323"},
  "mochiweb": {:hex, :mochiweb, "2.18.0", "eb55f1db3e6e960fac4e6db4e2db9ec3602cc9f30b86cd1481d56545c3145d2e", [:rebar3], [], "hexpm"},
  "navigation_history": {:hex, :navigation_history, "0.3.0", "eb221b504cc6b7f66d5cbac6353cd9b8aedd5aafd003b99ddb395ab02c1e3dd8", [:mix], [{:plug, "~> 1.1", [hex: :plug, repo: "hexpm", optional: false]}], "hexpm", "e5fcd7f955b47a3425af590d31b6cda423c63c4bf4b8dffdd6a002aeda62dfc8"},
  "neotoma": {:hex, :neotoma, "1.7.3", "d8bd5404b73273989946e4f4f6d529e5c2088f5fa1ca790b4dbe81f4be408e61", [:rebar], [], "hexpm", "2da322b9b1567ffa0706a7f30f6bbbde70835ae44a1050615f4b4a3d436e0f28"},
  "nimble_parsec": {:hex, :nimble_parsec, "0.5.3", "def21c10a9ed70ce22754fdeea0810dafd53c2db3219a0cd54cf5526377af1c6", [:mix], [], "hexpm", "589b5af56f4afca65217a1f3eb3fee7e79b09c40c742fddc1c312b3ac0b3399f"},
  "oauth2": {:hex, :oauth2, "2.0.0", "338382079fe16c514420fa218b0903f8ad2d4bfc0ad0c9f988867dfa246731b0", [:mix], [{:hackney, "~> 1.13", [hex: :hackney, repo: "hexpm", optional: false]}], "hexpm", "881b8364ac7385f9fddc7949379cbe3f7081da37233a1aa7aab844670a91e7e7"},
  "octicons": {:hex, :octicons, "0.8.0", "dc69c59bffbfd77577cfe92ab469bca39dd5b6df09b54356fda9d0c949014ae3", [:mix], [], "hexpm", "1571c2a9ac318504cbaab1224181e7a160fe457ad5e5bb7fd9b6b880c82eeb2d"},
  "parse_trans": {:hex, :parse_trans, "3.3.0", "09765507a3c7590a784615cfd421d101aec25098d50b89d7aa1d66646bc571c1", [:rebar3], [], "hexpm", "17ef63abde837ad30680ea7f857dd9e7ced9476cdd7b0394432af4bfc241b960"},
  "phoenix": {:hex, :phoenix, "1.4.16", "2cbbe0c81e6601567c44cc380c33aa42a1372ac1426e3de3d93ac448a7ec4308", [:mix], [{:jason, "~> 1.0", [hex: :jason, repo: "hexpm", optional: true]}, {:phoenix_pubsub, "~> 1.1", [hex: :phoenix_pubsub, repo: "hexpm", optional: false]}, {:plug, "~> 1.8.1 or ~> 1.9", [hex: :plug, repo: "hexpm", optional: false]}, {:plug_cowboy, "~> 1.0 or ~> 2.0", [hex: :plug_cowboy, repo: "hexpm", optional: true]}, {:telemetry, "~> 0.4", [hex: :telemetry, repo: "hexpm", optional: false]}], "hexpm", "856cc1a032fa53822737413cf51aa60e750525d7ece7d1c0576d90d7c0f05c24"},
  "phoenix_ecto": {:hex, :phoenix_ecto, "3.6.0", "d65dbcedd6af568d8582dcd7da516c3051016bad51f9953e5337fea40bcd8a9d", [:mix], [{:ecto, "~> 2.2", [hex: :ecto, repo: "hexpm", optional: false]}, {:phoenix_html, "~> 2.9", [hex: :phoenix_html, repo: "hexpm", optional: true]}, {:plug, "~> 1.0", [hex: :plug, repo: "hexpm", optional: false]}], "hexpm", "39732099600feaa3dbb5646efd37eef5f4c2ae544a6841643412c57f9a315bc7"},
  "phoenix_html": {:hex, :phoenix_html, "2.14.1", "7dabafadedb552db142aacbd1f11de1c0bbaa247f90c449ca549d5e30bbc66b4", [:mix], [{:plug, "~> 1.5", [hex: :plug, repo: "hexpm", optional: false]}], "hexpm", "536d5200ad37fecfe55b3241d90b7a8c3a2ca60cd012fc065f776324fa9ab0a9"},
  "phoenix_live_reload": {:hex, :phoenix_live_reload, "1.2.1", "274a4b07c4adbdd7785d45a8b0bb57634d0b4f45b18d2c508b26c0344bd59b8f", [:mix], [{:file_system, "~> 0.2.1 or ~> 0.3", [hex: :file_system, repo: "hexpm", optional: false]}, {:phoenix, "~> 1.4", [hex: :phoenix, repo: "hexpm", optional: false]}], "hexpm", "41b4103a2fa282cfd747d377233baf213c648fdcc7928f432937676532490eee"},
  "phoenix_octicons": {:hex, :phoenix_octicons, "0.6.0", "290a13831f529a290e4fb7a3affebe80b94183c6f9aa2b0473d8567edd4a1f51", [:mix], [{:octicons, "~> 0.8", [hex: :octicons, repo: "hexpm", optional: false]}, {:phoenix_html, "~> 2.6", [hex: :phoenix_html, repo: "hexpm", optional: false]}], "hexpm", "8c5801e3993e185909635985fef9e0be8746dc785aa51413d6d46f8fe7baf8b7"},
  "phoenix_pubsub": {:hex, :phoenix_pubsub, "1.1.2", "496c303bdf1b2e98a9d26e89af5bba3ab487ba3a3735f74bf1f4064d2a845a3e", [:mix], [], "hexpm", "1f13f9f0f3e769a667a6b6828d29dec37497a082d195cc52dbef401a9b69bf38"},
  "phoenix_slime": {:hex, :phoenix_slime, "0.13.1", "a5d4d8febb87a618b02d690519f7106832c8bd0b4d1937fbba73d6e8666f2891", [:mix], [{:jason, "~> 1.0", [hex: :jason, repo: "hexpm", optional: true]}, {:phoenix, "~> 1.4", [hex: :phoenix, repo: "hexpm", optional: false]}, {:phoenix_html, "~> 2.13", [hex: :phoenix_html, repo: "hexpm", optional: false]}, {:slime, "~> 1.0", [hex: :slime, repo: "hexpm", optional: false]}], "hexpm", "ff818744be2c903fb0174ba22b230c1c335238578fccf274b1d95d08f4844377"},
  "plug": {:hex, :plug, "1.9.0", "8d7c4e26962283ff9f8f3347bd73838e2413fbc38b7bb5467d5924f68f3a5a4a", [:mix], [{:mime, "~> 1.0", [hex: :mime, repo: "hexpm", optional: false]}, {:plug_crypto, "~> 1.0", [hex: :plug_crypto, repo: "hexpm", optional: false]}, {:telemetry, "~> 0.4", [hex: :telemetry, repo: "hexpm", optional: true]}], "hexpm", "9902eda2c52ada2a096434682e99a2493f5d06a94d6ac6bcfff9805f952350f1"},
  "plug_cowboy": {:hex, :plug_cowboy, "2.1.2", "8b0addb5908c5238fac38e442e81b6fcd32788eaa03246b4d55d147c47c5805e", [:mix], [{:cowboy, "~> 2.5", [hex: :cowboy, repo: "hexpm", optional: false]}, {:plug, "~> 1.7", [hex: :plug, repo: "hexpm", optional: false]}], "hexpm", "7d722581ce865a237e14da6d946f92704101740a256bd13ec91e63c0b122fc70"},
  "plug_crypto": {:hex, :plug_crypto, "1.1.2", "bdd187572cc26dbd95b87136290425f2b580a116d3fb1f564216918c9730d227", [], [], "hexpm", "6b8b608f895b6ffcfad49c37c7883e8df98ae19c6a28113b02aa1e9c5b22d6b5"},
  "plug_ribbon": {:hex, :plug_ribbon, "0.2.1", "98b08f5c67c93dc3c2c635baec95b68f9697ceca4b7a6839e5870874bdb9a405", [:mix], [{:plug, ">= 0.13.0", [hex: :plug, repo: "hexpm", optional: false]}], "hexpm", "34fcbffb6fc3adde6bb167506934ab19787d2fff82b6bf93918e0000159bfe9d"},
  "poison": {:hex, :poison, "3.1.0", "d9eb636610e096f86f25d9a46f35a9facac35609a7591b3be3326e99a0484665", [:mix], [], "hexpm", "fec8660eb7733ee4117b85f55799fd3833eb769a6df71ccf8903e8dc5447cfce"},
  "poolboy": {:hex, :poolboy, "1.5.2", "392b007a1693a64540cead79830443abf5762f5d30cf50bc95cb2c1aaafa006b", [:rebar3], [], "hexpm", "dad79704ce5440f3d5a3681c8590b9dc25d1a561e8f5a9c995281012860901e3"},
  "postgrex": {:hex, :postgrex, "0.13.5", "3d931aba29363e1443da167a4b12f06dcd171103c424de15e5f3fc2ba3e6d9c5", [:mix], [{:connection, "~> 1.0", [hex: :connection, repo: "hexpm", optional: false]}, {:db_connection, "~> 1.1", [hex: :db_connection, repo: "hexpm", optional: false]}, {:decimal, "~> 1.0", [hex: :decimal, repo: "hexpm", optional: false]}], "hexpm", "a19b61193379cdee04b5b2361bf93d1eb170cd2eec0b18042617b07e1e15fbfb"},
  "pseudoloc": {:hex, :pseudoloc, "0.2.1", "4918549cca2ad19e2683c78a777c9c713396af00c02a03955eae7064a8692c56", [:mix], [{:gettext, "~> 0.16", [hex: :gettext, repo: "hexpm", optional: false]}], "hexpm", "b64115b2f9a52e06087bad3751f341d3cf0222b7b7778baed9ebadfa69493f0a"},
  "ranch": {:hex, :ranch, "1.7.1", "6b1fab51b49196860b733a49c07604465a47bdb78aa10c1c16a3d199f7f8c881", [:rebar3], [], "hexpm", "451d8527787df716d99dc36162fca05934915db0b6141bbdac2ea8d3c7afc7d7"},
  "sentry": {:hex, :sentry, "7.2.4", "b5bc90b594d40c2e653581e797a5fd2fdf994f2568f6bd66b7fa4971598be8d5", [:mix], [{:hackney, "~> 1.8 or 1.6.5", [hex: :hackney, repo: "hexpm", optional: false]}, {:jason, "~> 1.1", [hex: :jason, repo: "hexpm", optional: true]}, {:phoenix, "~> 1.3", [hex: :phoenix, repo: "hexpm", optional: true]}, {:plug, "~> 1.6", [hex: :plug, repo: "hexpm", optional: true]}, {:plug_cowboy, "~> 1.0 or ~> 2.0", [hex: :plug_cowboy, repo: "hexpm", optional: true]}], "hexpm", "4ee4d368b5013076afcc8b73ed028bdc8ee9db84ea987e3591101e194c1fc24b"},
  "slime": {:hex, :slime, "1.2.1", "71e036056051f0a6fae136af34eaa1322e8e11cdd2da3a56196fd31bca34dd49", [:mix], [{:neotoma, "~> 1.7", [hex: :neotoma, repo: "hexpm", optional: false]}], "hexpm", "298568e64291fed4eb690be094f6c46400daa03b594bab34fcaa0167e139c263"},
  "ssl_verify_fun": {:hex, :ssl_verify_fun, "1.1.5", "6eaf7ad16cb568bb01753dbbd7a95ff8b91c7979482b95f38443fe2c8852a79b", [:make, :mix, :rebar3], [], "hexpm", "13104d7897e38ed7f044c4de953a6c28597d1c952075eb2e328bc6d6f2bfc496"},
  "telemetry": {:hex, :telemetry, "0.4.1", "ae2718484892448a24470e6aa341bc847c3277bfb8d4e9289f7474d752c09c7f", [:rebar3], [], "hexpm", "4738382e36a0a9a2b6e25d67c960e40e1a2c95560b9f936d8e29de8cd858480f"},
  "temp": {:hex, :temp, "0.4.7", "2c78482cc2294020a4bc0c95950b907ff386523367d4e63308a252feffbea9f2", [:mix], [], "hexpm", "6af19e7d6a85a427478be1021574d1ae2a1e1b90882586f06bde76c63cd03e0d"},
  "timex": {:hex, :timex, "3.6.1", "efdf56d0e67a6b956cc57774353b0329c8ab7726766a11547e529357ffdc1d56", [:mix], [{:combine, "~> 0.10", [hex: :combine, repo: "hexpm", optional: false]}, {:gettext, "~> 0.10", [hex: :gettext, repo: "hexpm", optional: false]}, {:tzdata, "~> 0.1.8 or ~> 0.5 or ~> 1.0.0", [hex: :tzdata, repo: "hexpm", optional: false]}], "hexpm", "f354efb2400dd7a80fd9eb6c8419068c4f632da4ac47f3d8822d6e33f08bc852"},
  "tzdata": {:hex, :tzdata, "1.0.0", "fe4da40f76348d2ca0d16491196089fe75f57d6164e2a0ef8adf2804b9a2b3fa", [:mix], [{:hackney, "~> 1.0", [hex: :hackney, repo: "hexpm", optional: false]}], "hexpm", "aa97f8b3ea669720a380e5167585bbc30d6e3b061ee51de338e52d629fa38b5a"},
  "unicode_util_compat": {:hex, :unicode_util_compat, "0.4.1", "d869e4c68901dd9531385bb0c8c40444ebf624e60b6962d95952775cac5e90cd", [:rebar3], [], "hexpm", "1d1848c40487cdb0b30e8ed975e34e025860c02e419cb615d255849f3427439d"},
  "uuid": {:hex, :uuid, "1.1.8", "e22fc04499de0de3ed1116b770c7737779f226ceefa0badb3592e64d5cfb4eb9", [:mix], [], "hexpm", "c790593b4c3b601f5dc2378baae7efaf5b3d73c4c6456ba85759905be792f2ac"},
}
